
Microsoft Visual Studio Solution File, Format Version 12.00
# Visual Studio 14
VisualStudioVersion = 14.0.25420.1
MinimumVisualStudioVersion = 10.0.40219.1
Project("{FAE04EC0-301F-11D3-BF4B-00C04F79EFBC}") = "sklep", "sklep\sklep.csproj", "{34618FA4-E38D-468C-881B-FE34D4EACBE9}"
EndProject
Project("{FAE04EC0-301F-11D3-BF4B-00C04F79EFBC}") = "sklep.Tests", "sklep.Tests\sklep.Tests.csproj", "{C2DEDC30-DE4B-4CAB-BCFD-8D3C8E5A9C1E}"
EndProject
Global
	GlobalSection(SolutionConfigurationPlatforms) = preSolution
		Debug|Any CPU = Debug|Any CPU
		Release|Any CPU = Release|Any CPU
	EndGlobalSection
	GlobalSection(ProjectConfigurationPlatforms) = postSolution
		{34618FA4-E38D-468C-881B-FE34D4EACBE9}.Debug|Any CPU.ActiveCfg = Debug|Any CPU
		{34618FA4-E38D-468C-881B-FE34D4EACBE9}.Debug|Any CPU.Build.0 = Debug|Any CPU
		{34618FA4-E38D-468C-881B-FE34D4EACBE9}.Release|Any CPU.ActiveCfg = Release|Any CPU
		{34618FA4-E38D-468C-881B-FE34D4EACBE9}.Release|Any CPU.Build.0 = Release|Any CPU
		{C2DEDC30-DE4B-4CAB-BCFD-8D3C8E5A9C1E}.Debug|Any CPU.ActiveCfg = Debug|Any CPU
		{C2DEDC30-DE4B-4CAB-BCFD-8D3C8E5A9C1E}.Debug|Any CPU.Build.0 = Debug|Any CPU
		{C2DEDC30-DE4B-4CAB-BCFD-8D3C8E5A9C1E}.Release|Any CPU.ActiveCfg = Release|Any CPU
		{C2DEDC30-DE4B-4CAB-BCFD-8D3C8E5A9C1E}.Release|Any CPU.Build.0 = Release|Any CPU
	EndGlobalSection
	GlobalSection(SolutionProperties) = preSolution
		HideSolutionNode = FALSE
	EndGlobalSection
EndGlobal
